// !$*UTF8*$!
{
	archiveVersion = 1;
	classes = {
	};
	objectVersion = 77;
	objects = {

/* Begin PBXBuildFile section */
		5503AB622F95BF310075769D /* CoreUI in Frameworks */ = {isa = PBXBuildFile; productRef = 5503AB612F95BF310075769D /* CoreUI */; };
		55D4D56E2F8C946E0042667F /* VDSPromotion.framework in Frameworks */ = {isa = PBXBuildFile; fileRef = 55D4D5622F8C946E0042667F /* VDSPromotion.framework */; };
		AA01000100000001ABCD1234 /* Repository in Frameworks */ = {isa = PBXBuildFile; productRef = AA01000200000001ABCD1234 /* Repository */; };
		AA01000300000001ABCD1234 /* PromotionLogic in Frameworks */ = {isa = PBXBuildFile; productRef = AA01000400000001ABCD1234 /* PromotionLogic */; };
		AA01000500000001ABCD1234 /* PromotionUI in Frameworks */ = {isa = PBXBuildFile; productRef = AA01000600000001ABCD1234 /* PromotionUI */; };
		AA01000700000001ABCD1234 /* Utility in Frameworks */ = {isa = PBXBuildFile; productRef = AA01000800000001ABCD1234 /* Utility */; };
		AA01000900000001ABCD1234 /* RxSwift in Frameworks */ = {isa = PBXBuildFile; productRef = AA01000A00000001ABCD1234 /* RxSwift */; };
		AA01000B00000001ABCD1234 /* RxCocoa in Frameworks */ = {isa = PBXBuildFile; productRef = AA01000C00000001ABCD1234 /* RxCocoa */; };
		AA01000D00000001ABCD1234 /* CoreNetwork in Frameworks */ = {isa = PBXBuildFile; productRef = AA01000E00000001ABCD1234 /* CoreNetwork */; };
/* End PBXBuildFile section */

/* Begin PBXContainerItemProxy section */
		55D4D56F2F8C946E0042667F /* PBXContainerItemProxy */ = {
			isa = PBXContainerItemProxy;
			containerPortal = 55D4D5592F8C946D0042667F /* Project object */;
			proxyType = 1;
			remoteGlobalIDString = 55D4D5612F8C946D0042667F;
			remoteInfo = VDSPromotion;
		};
/* End PBXContainerItemProxy section */

/* Begin PBXFileReference section */
		5503AB5C2F95BC0D0075769D /* CoreUI */ = {isa = PBXFileReference; lastKnownFileType = wrapper; path = CoreUI; sourceTree = "<group>"; };
		5503AB5D2F95BC0D0075769D /* PromotionKit */ = {isa = PBXFileReference; lastKnownFileType = wrapper; path = PromotionKit; sourceTree = "<group>"; };
		5503AB5E2F95BC0D0075769D /* PromotionUI */ = {isa = PBXFileReference; lastKnownFileType = wrapper; path = PromotionUI; sourceTree = "<group>"; };
		553838622F9607D10085CAE8 /* Utility */ = {isa = PBXFileReference; lastKnownFileType = wrapper; path = Utility; sourceTree = "<group>"; };
		55D4D5622F8C946E0042667F /* VDSPromotion.framework */ = {isa = PBXFileReference; explicitFileType = wrapper.framework; includeInIndex = 0; name = PromotionSDKUI.framework; path = PromotionSDKUI.framework; sourceTree = BUILT_PRODUCTS_DIR; };
		55D4D56D2F8C946E0042667F /* VDSPromotionTests.xctest */ = {isa = PBXFileReference; explicitFileType = wrapper.cfbundle; includeInIndex = 0; path = VDSPromotionTests.xctest; sourceTree = BUILT_PRODUCTS_DIR; };
/* End PBXFileReference section */

/* Begin PBXFileSystemSynchronizedRootGroup section */
		55D4D5642F8C946E0042667F /* VDSPromotion */ = {
			isa = PBXFileSystemSynchronizedRootGroup;
			path = PromotionSDK;
			sourceTree = "<group>";
		};
		55D4D5712F8C946E0042667F /* VDSPromotionTests */ = {
			isa = PBXFileSystemSynchronizedRootGroup;
			path = PromotionSDKTests;
			sourceTree = "<group>";
		};
/* End PBXFileSystemSynchronizedRootGroup section */

/* Begin PBXFrameworksBuildPhase section */
		55D4D55F2F8C946D0042667F /* Frameworks */ = {
			isa = PBXFrameworksBuildPhase;
			buildActionMask = 2147483647;
			files = (
				5503AB622F95BF310075769D /* CoreUI in Frameworks */,
				AA01000100000001ABCD1234 /* Repository in Frameworks */,
				AA01000300000001ABCD1234 /* PromotionLogic in Frameworks */,
				AA01000500000001ABCD1234 /* PromotionUI in Frameworks */,
				AA01000700000001ABCD1234 /* Utility in Frameworks */,
				AA01000900000001ABCD1234 /* RxSwift in Frameworks */,
				AA01000B00000001ABCD1234 /* RxCocoa in Frameworks */,
				AA01000D00000001ABCD1234 /* CoreNetwork in Frameworks */,
			);
			runOnlyForDeploymentPostprocessing = 0;
		};
		55D4D56A2F8C946E0042667F /* Frameworks */ = {
			isa = PBXFrameworksBuildPhase;
			buildActionMask = 2147483647;
			files = (
				55D4D56E2F8C946E0042667F /* VDSPromotion.framework in Frameworks */,
			);
			runOnlyForDeploymentPostprocessing = 0;
		};
/* End PBXFrameworksBuildPhase section */

/* Begin PBXGroup section */
		5503AB5F2F95BC0D0075769D /* Packages */ = {
			isa = PBXGroup;
			children = (
				553838622F9607D10085CAE8 /* Utility */,
				5503AB5C2F95BC0D0075769D /* CoreUI */,
				5503AB5D2F95BC0D0075769D /* PromotionKit */,
				5503AB5E2F95BC0D0075769D /* PromotionUI */,
			);
			path = Packages;
			sourceTree = "<group>";
		};
		5503AB602F95BF310075769D /* Frameworks */ = {
			isa = PBXGroup;
			children = (
			);
			name = Frameworks;
			sourceTree = "<group>";
		};
		55D4D5582F8C946D0042667F = {
			isa = PBXGroup;
			children = (
				55D4D5642F8C946E0042667F /* VDSPromotion */,
				55D4D5712F8C946E0042667F /* VDSPromotionTests */,
				55D4D5632F8C946E0042667F /* Products */,
				5503AB5F2F95BC0D0075769D /* Packages */,
				5503AB602F95BF310075769D /* Frameworks */,
			);
			sourceTree = "<group>";
		};
		55D4D5632F8C946E0042667F /* Products */ = {
			isa = PBXGroup;
			children = (
				55D4D5622F8C946E0042667F /* VDSPromotion.framework */,
				55D4D56D2F8C946E0042667F /* VDSPromotionTests.xctest */,
			);
			name = Products;
			sourceTree = "<group>";
		};
/* End PBXGroup section */

/* Begin PBXHeadersBuildPhase section */
		55D4D55D2F8C946D0042667F /* Headers */ = {
			isa = PBXHeadersBuildPhase;
			buildActionMask = 2147483647;
			files = (
			);
			runOnlyForDeploymentPostprocessing = 0;
		};
/* End PBXHeadersBuildPhase section */

/* Begin PBXNativeTarget section */
		55D4D5612F8C946D0042667F /* VDSPromotion */ = {
			isa = PBXNativeTarget;
			buildConfigurationList = 55D4D5762F8C946E0042667F /* Build configuration list for PBXNativeTarget "PromotionSDKUI" */;
			buildPhases = (
				55D4D55D2F8C946D0042667F /* Headers */,
				55D4D55E2F8C946D0042667F /* Sources */,
				55D4D55F2F8C946D0042667F /* Frameworks */,
				55D4D5602F8C946D0042667F /* Resources */,
				AA0F0F0F00000001ABCD1234 /* Embed SPM resource bundles */,
			);
			buildRules = (
			);
			dependencies = (
			);
			fileSystemSynchronizedGroups = (
				55D4D5642F8C946E0042667F /* VDSPromotion */,
			);
			name = PromotionSDKUI;
			packageProductDependencies = (
				5503AB612F95BF310075769D /* CoreUI */,
				AA01000400000001ABCD1234 /* PromotionKit */,
				AA01000600000001ABCD1234 /* PromotionUI */,
				AA01000800000001ABCD1234 /* Utility */,
				AA01000A00000001ABCD1234 /* RxSwift */,
				AA01000C00000001ABCD1234 /* RxCocoa */,
			);
			productName = PromotionSDKUI;
			productReference = 55D4D5622F8C946E0042667F /* VDSPromotion.framework */;
			productType = "com.apple.product-type.framework";
		};
		55D4D56C2F8C946E0042667F /* VDSPromotionTests */ = {
			isa = PBXNativeTarget;
			buildConfigurationList = 55D4D5792F8C946E0042667F /* Build configuration list for PBXNativeTarget "PromotionSDKTests" */;
			buildPhases = (
				55D4D5692F8C946E0042667F /* Sources */,
				55D4D56A2F8C946E0042667F /* Frameworks */,
				55D4D56B2F8C946E0042667F /* Resources */,
			);
			buildRules = (
			);
			dependencies = (
				55D4D5702F8C946E0042667F /* PBXTargetDependency */,
			);
			fileSystemSynchronizedGroups = (
				55D4D5712F8C946E0042667F /* VDSPromotionTests */,
			);
			name = PromotionSDKTests;
			packageProductDependencies = (
			);
			productName = PromotionSDKTests;
			productReference = 55D4D56D2F8C946E0042667F /* VDSPromotionTests.xctest */;
			productType = "com.apple.product-type.bundle.unit-test";
		};
/* End PBXNativeTarget section */

/* Begin PBXProject section */
		55D4D5592F8C946D0042667F /* Project object */ = {
			isa = PBXProject;
			attributes = {
				BuildIndependentTargetsInParallel = 1;
				LastSwiftUpdateCheck = 2630;
				LastUpgradeCheck = 2630;
				TargetAttributes = {
					55D4D5612F8C946D0042667F = {
						CreatedOnToolsVersion = 26.3;
					};
					55D4D56C2F8C946E0042667F = {
						CreatedOnToolsVersion = 26.3;
					};
				};
			};
			buildConfigurationList = 55D4D55C2F8C946D0042667F /* Build configuration list for PBXProject "PromotionSDKUI" */;
			developmentRegion = en;
			hasScannedForEncodings = 0;
			knownRegions = (
				en,
				Base,
			);
			mainGroup = 55D4D5582F8C946D0042667F;
			minimizedProjectReferenceProxies = 1;
			preferredProjectObjectVersion = 77;
			productRefGroup = 55D4D5632F8C946E0042667F /* Products */;
			projectDirPath = "";
			projectRoot = "";
			targets = (
				55D4D5612F8C946D0042667F /* VDSPromotion */,
				55D4D56C2F8C946E0042667F /* VDSPromotionTests */,
			);
		};
/* End PBXProject section */

/* Begin PBXShellScriptBuildPhase section */
		AA0F0F0F00000001ABCD1234 /* Embed SPM resource bundles */ = {
			isa = PBXShellScriptBuildPhase;
			alwaysOutOfDate = 1;
			buildActionMask = 2147483647;
			files = (
			);
			inputPaths = (
			);
			name = "Embed SPM resource bundles";
			outputPaths = (
			);
			runOnlyForDeploymentPostprocessing = 0;
			shellPath = /bin/sh;
			shellScript = "sh $SRCROOT/scripts/embed-spm-bundles.sh
";
		};
/* End PBXShellScriptBuildPhase section */

/* Begin PBXResourcesBuildPhase section */
		55D4D5602F8C946D0042667F /* Resources */ = {
			isa = PBXResourcesBuildPhase;
			buildActionMask = 2147483647;
			files = (
			);
			runOnlyForDeploymentPostprocessing = 0;
		};
		55D4D56B2F8C946E0042667F /* Resources */ = {
			isa = PBXResourcesBuildPhase;
			buildActionMask = 2147483647;
			files = (
			);
			runOnlyForDeploymentPostprocessing = 0;
		};
/* End PBXResourcesBuildPhase section */

/* Begin PBXSourcesBuildPhase section */
		55D4D55E2F8C946D0042667F /* Sources */ = {
			isa = PBXSourcesBuildPhase;
			buildActionMask = 2147483647;
			files = (
			);
			runOnlyForDeploymentPostprocessing = 0;
		};
		55D4D5692F8C946E0042667F /* Sources */ = {
			isa = PBXSourcesBuildPhase;
			buildActionMask = 2147483647;
			files = (
			);
			runOnlyForDeploymentPostprocessing = 0;
		};
/* End PBXSourcesBuildPhase section */

/* Begin PBXTargetDependency section */
		55D4D5702F8C946E0042667F /* PBXTargetDependency */ = {
			isa = PBXTargetDependency;
			target = 55D4D5612F8C946D0042667F /* VDSPromotion */;
			targetProxy = 55D4D56F2F8C946E0042667F /* PBXContainerItemProxy */;
		};
/* End PBXTargetDependency section */

/* Begin XCBuildConfiguration section */
		55D4D5742F8C946E0042667F /* Debug */ = {
			isa = XCBuildConfiguration;
			buildSettings = {
				ALWAYS_SEARCH_USER_PATHS = NO;
				ASSETCATALOG_COMPILER_GENERATE_SWIFT_ASSET_SYMBOL_EXTENSIONS = YES;
				BUILD_LIBRARY_FOR_DISTRIBUTION = NO;
				CLANG_ANALYZER_NONNULL = YES;
				CLANG_ANALYZER_NUMBER_OBJECT_CONVERSION = YES_AGGRESSIVE;
				CLANG_CXX_LANGUAGE_STANDARD = "gnu++20";
				CLANG_ENABLE_MODULES = YES;
				CLANG_ENABLE_OBJC_ARC = YES;
				CLANG_ENABLE_OBJC_WEAK = YES;
				CLANG_WARN_BLOCK_CAPTURE_AUTORELEASING = YES;
				CLANG_WARN_BOOL_CONVERSION = YES;
				CLANG_WARN_COMMA = YES;
				CLANG_WARN_CONSTANT_CONVERSION = YES;
				CLANG_WARN_DEPRECATED_OBJC_IMPLEMENTATIONS = YES;
				CLANG_WARN_DIRECT_OBJC_ISA_USAGE = YES_ERROR;
				CLANG_WARN_DOCUMENTATION_COMMENTS = YES;
				CLANG_WARN_EMPTY_BODY = YES;
				CLANG_WARN_ENUM_CONVERSION = YES;
				CLANG_WARN_INFINITE_RECURSION = YES;
				CLANG_WARN_INT_CONVERSION = YES;
				CLANG_WARN_NON_LITERAL_NULL_CONVERSION = YES;
				CLANG_WARN_OBJC_IMPLICIT_RETAIN_SELF = YES;
				CLANG_WARN_OBJC_LITERAL_CONVERSION = YES;
				CLANG_WARN_OBJC_ROOT_CLASS = YES_ERROR;
				CLANG_WARN_QUOTED_INCLUDE_IN_FRAMEWORK_HEADER = YES;
				CLANG_WARN_RANGE_LOOP_ANALYSIS = YES;
				CLANG_WARN_STRICT_PROTOTYPES = YES;
				CLANG_WARN_SUSPICIOUS_MOVE = YES;
				CLANG_WARN_UNGUARDED_AVAILABILITY = YES_AGGRESSIVE;
				CLANG_WARN_UNREACHABLE_CODE = YES;
				CLANG_WARN__DUPLICATE_METHOD_MATCH = YES;
				COPY_PHASE_STRIP = NO;
				CURRENT_PROJECT_VERSION = 1;
				DEBUG_INFORMATION_FORMAT = dwarf;
				ENABLE_STRICT_OBJC_MSGSEND = YES;
				ENABLE_TESTABILITY = YES;
				ENABLE_USER_SCRIPT_SANDBOXING = YES;
				GCC_C_LANGUAGE_STANDARD = gnu17;
				GCC_DYNAMIC_NO_PIC = NO;
				GCC_NO_COMMON_BLOCKS = YES;
				GCC_OPTIMIZATION_LEVEL = 0;
				GCC_PREPROCESSOR_DEFINITIONS = (
					"DEBUG=1",
					"$(inherited)",
				);
				GCC_WARN_64_TO_32_BIT_CONVERSION = YES;
				GCC_WARN_ABOUT_RETURN_TYPE = YES_ERROR;
				GCC_WARN_UNDECLARED_SELECTOR = YES;
				GCC_WARN_UNINITIALIZED_AUTOS = YES_AGGRESSIVE;
				GCC_WARN_UNUSED_FUNCTION = YES;
				GCC_WARN_UNUSED_VARIABLE = YES;
				IPHONEOS_DEPLOYMENT_TARGET = 13.0;
				LOCALIZATION_PREFERS_STRING_CATALOGS = YES;
				MTL_ENABLE_DEBUG_INFO = INCLUDE_SOURCE;
				MTL_FAST_MATH = YES;
				ONLY_ACTIVE_ARCH = YES;
				SDKROOT = iphoneos;
				SWIFT_ACTIVE_COMPILATION_CONDITIONS = "DEBUG $(inherited)";
				SWIFT_OPTIMIZATION_LEVEL = "-Onone";
				VERSIONING_SYSTEM = "apple-generic";
				VERSION_INFO_PREFIX = "";
			};
			name = Debug;
		};
		55D4D5752F8C946E0042667F /* Release */ = {
			isa = XCBuildConfiguration;
			buildSettings = {
				ALWAYS_SEARCH_USER_PATHS = NO;
				ASSETCATALOG_COMPILER_GENERATE_SWIFT_ASSET_SYMBOL_EXTENSIONS = YES;
				BUILD_LIBRARY_FOR_DISTRIBUTION = NO;
				CLANG_ANALYZER_NONNULL = YES;
				CLANG_ANALYZER_NUMBER_OBJECT_CONVERSION = YES_AGGRESSIVE;
				CLANG_CXX_LANGUAGE_STANDARD = "gnu++20";
				CLANG_ENABLE_MODULES = YES;
				CLANG_ENABLE_OBJC_ARC = YES;
				CLANG_ENABLE_OBJC_WEAK = YES;
				CLANG_WARN_BLOCK_CAPTURE_AUTORELEASING = YES;
				CLANG_WARN_BOOL_CONVERSION = YES;
				CLANG_WARN_COMMA = YES;
				CLANG_WARN_CONSTANT_CONVERSION = YES;
				CLANG_WARN_DEPRECATED_OBJC_IMPLEMENTATIONS = YES;
				CLANG_WARN_DIRECT_OBJC_ISA_USAGE = YES_ERROR;
				CLANG_WARN_DOCUMENTATION_COMMENTS = YES;
				CLANG_WARN_EMPTY_BODY = YES;
				CLANG_WARN_ENUM_CONVERSION = YES;
				CLANG_WARN_INFINITE_RECURSION = YES;
				CLANG_WARN_INT_CONVERSION = YES;
				CLANG_WARN_NON_LITERAL_NULL_CONVERSION = YES;
				CLANG_WARN_OBJC_IMPLICIT_RETAIN_SELF = YES;
				CLANG_WARN_OBJC_LITERAL_CONVERSION = YES;
				CLANG_WARN_OBJC_ROOT_CLASS = YES_ERROR;
				CLANG_WARN_QUOTED_INCLUDE_IN_FRAMEWORK_HEADER = YES;
				CLANG_WARN_RANGE_LOOP_ANALYSIS = YES;
				CLANG_WARN_STRICT_PROTOTYPES = YES;
				CLANG_WARN_SUSPICIOUS_MOVE = YES;
				CLANG_WARN_UNGUARDED_AVAILABILITY = YES_AGGRESSIVE;
				CLANG_WARN_UNREACHABLE_CODE = YES;
				CLANG_WARN__DUPLICATE_METHOD_MATCH = YES;
				COPY_PHASE_STRIP = NO;
				CURRENT_PROJECT_VERSION = 1;
				DEBUG_INFORMATION_FORMAT = "dwarf-with-dsym";
				ENABLE_NS_ASSERTIONS = NO;
				ENABLE_STRICT_OBJC_MSGSEND = YES;
				ENABLE_USER_SCRIPT_SANDBOXING = YES;
				GCC_C_LANGUAGE_STANDARD = gnu17;
				GCC_NO_COMMON_BLOCKS = YES;
				GCC_WARN_64_TO_32_BIT_CONVERSION = YES;
				GCC_WARN_ABOUT_RETURN_TYPE = YES_ERROR;
				GCC_WARN_UNDECLARED_SELECTOR = YES;
				GCC_WARN_UNINITIALIZED_AUTOS = YES_AGGRESSIVE;
				GCC_WARN_UNUSED_FUNCTION = YES;
				GCC_WARN_UNUSED_VARIABLE = YES;
				IPHONEOS_DEPLOYMENT_TARGET = 13.0;
				LOCALIZATION_PREFERS_STRING_CATALOGS = YES;
				MTL_ENABLE_DEBUG_INFO = NO;
				MTL_FAST_MATH = YES;
				SDKROOT = iphoneos;
				SWIFT_COMPILATION_MODE = wholemodule;
				VALIDATE_PRODUCT = YES;
				VERSIONING_SYSTEM = "apple-generic";
				VERSION_INFO_PREFIX = "";
			};
			name = Release;
		};
		55D4D5772F8C946E0042667F /* Debug */ = {
			isa = XCBuildConfiguration;
			buildSettings = {
				BUILD_LIBRARY_FOR_DISTRIBUTION = YES;
				CODE_SIGN_STYLE = Automatic;
				CURRENT_PROJECT_VERSION = 1;
				DYLIB_COMPATIBILITY_VERSION = 1;
				DYLIB_CURRENT_VERSION = 1;
				DYLIB_INSTALL_NAME_BASE = "@rpath";
				ENABLE_MODULE_VERIFIER = YES;
				GENERATE_INFOPLIST_FILE = YES;
				INFOPLIST_KEY_NSHumanReadableCopyright = "";
				INSTALL_PATH = "$(LOCAL_LIBRARY_DIR)/Frameworks";
				IPHONEOS_DEPLOYMENT_TARGET = 13.0;
				LD_RUNPATH_SEARCH_PATHS = (
					"$(inherited)",
					"@executable_path/Frameworks",
					"@loader_path/Frameworks",
				);
				MARKETING_VERSION = 1.0;
				MODULE_VERIFIER_SUPPORTED_LANGUAGES = "objective-c objective-c++";
				MODULE_VERIFIER_SUPPORTED_LANGUAGE_STANDARDS = "gnu17 gnu++20";
				PRODUCT_BUNDLE_IDENTIFIER = com.vtm.VDSPromotion;
				// Script `Embed SPM resource bundles` phai doc file ngoai sandbox.
				ENABLE_USER_SCRIPT_SANDBOXING = NO;
				PRODUCT_MODULE_NAME = PromotionSDKUI;
				PRODUCT_NAME = PromotionSDKUI;
				SKIP_INSTALL = YES;
				STRING_CATALOG_GENERATE_SYMBOLS = YES;
				SWIFT_APPROACHABLE_CONCURRENCY = YES;
				SWIFT_EMIT_LOC_STRINGS = YES;
				SWIFT_INSTALL_MODULE = YES;
				SWIFT_INSTALL_OBJC_HEADER = NO;
				SWIFT_UPCOMING_FEATURE_MEMBER_IMPORT_VISIBILITY = YES;
				SWIFT_VERSION = 5.0;
				TARGETED_DEVICE_FAMILY = "1,2";
			};
			name = Debug;
		};
		55D4D5782F8C946E0042667F /* Release */ = {
			isa = XCBuildConfiguration;
			buildSettings = {
				BUILD_LIBRARY_FOR_DISTRIBUTION = YES;
				CODE_SIGN_STYLE = Automatic;
				CURRENT_PROJECT_VERSION = 1;
				DYLIB_COMPATIBILITY_VERSION = 1;
				DYLIB_CURRENT_VERSION = 1;
				DYLIB_INSTALL_NAME_BASE = "@rpath";
				ENABLE_MODULE_VERIFIER = YES;
				GENERATE_INFOPLIST_FILE = YES;
				INFOPLIST_KEY_NSHumanReadableCopyright = "";
				INSTALL_PATH = "$(LOCAL_LIBRARY_DIR)/Frameworks";
				IPHONEOS_DEPLOYMENT_TARGET = 13.0;
				LD_RUNPATH_SEARCH_PATHS = (
					"$(inherited)",
					"@executable_path/Frameworks",
					"@loader_path/Frameworks",
				);
				MARKETING_VERSION = 1.0;
				MODULE_VERIFIER_SUPPORTED_LANGUAGES = "objective-c objective-c++";
				MODULE_VERIFIER_SUPPORTED_LANGUAGE_STANDARDS = "gnu17 gnu++20";
				PRODUCT_BUNDLE_IDENTIFIER = com.vtm.VDSPromotion;
				// Script `Embed SPM resource bundles` phai doc file ngoai sandbox.
				ENABLE_USER_SCRIPT_SANDBOXING = NO;
				PRODUCT_MODULE_NAME = PromotionSDKUI;
				PRODUCT_NAME = PromotionSDKUI;
				SKIP_INSTALL = YES;
				STRING_CATALOG_GENERATE_SYMBOLS = YES;
				// Mac dinh `debugging` chi go debug symbol, giu lai ~30.500 local symbol
				// (8.680 cai la kfun:/ktype: cua Kotlin/Native link tinh vao day) → __LINKEDIT
				// phinh 2,6MB tren tong 9,5MB binary. `non-global` go not local symbol, giu
				// nguyen 1.384 global symbol ma host can de link. Binary: 9,5MB → 7,3MB.
				// Doi lai, crash log phai symbolicate bang dSYM — xem `-debug-symbols` trong
				// scripts/build-xcframework.sh.
				STRIP_STYLE = "non-global";
				SWIFT_APPROACHABLE_CONCURRENCY = YES;
				SWIFT_EMIT_LOC_STRINGS = YES;
				SWIFT_INSTALL_MODULE = YES;
				SWIFT_INSTALL_OBJC_HEADER = NO;
				SWIFT_UPCOMING_FEATURE_MEMBER_IMPORT_VISIBILITY = YES;
				SWIFT_VERSION = 5.0;
				TARGETED_DEVICE_FAMILY = "1,2";
			};
			name = Release;
		};
		55D4D57A2F8C946E0042667F /* Debug */ = {
			isa = XCBuildConfiguration;
			buildSettings = {
				CODE_SIGN_STYLE = Automatic;
				CURRENT_PROJECT_VERSION = 1;
				GENERATE_INFOPLIST_FILE = YES;
				MARKETING_VERSION = 1.0;
				PRODUCT_BUNDLE_IDENTIFIER = com.vtm.VDSPromotionTests;
				PRODUCT_NAME = "$(TARGET_NAME)";
				STRING_CATALOG_GENERATE_SYMBOLS = NO;
				SWIFT_APPROACHABLE_CONCURRENCY = YES;
				SWIFT_EMIT_LOC_STRINGS = NO;
				SWIFT_UPCOMING_FEATURE_MEMBER_IMPORT_VISIBILITY = YES;
				SWIFT_VERSION = 5.0;
				TARGETED_DEVICE_FAMILY = "1,2";
			};
			name = Debug;
		};
		55D4D57B2F8C946E0042667F /* Release */ = {
			isa = XCBuildConfiguration;
			buildSettings = {
				CODE_SIGN_STYLE = Automatic;
				CURRENT_PROJECT_VERSION = 1;
				GENERATE_INFOPLIST_FILE = YES;
				MARKETING_VERSION = 1.0;
				PRODUCT_BUNDLE_IDENTIFIER = com.vtm.VDSPromotionTests;
				PRODUCT_NAME = "$(TARGET_NAME)";
				STRING_CATALOG_GENERATE_SYMBOLS = NO;
				SWIFT_APPROACHABLE_CONCURRENCY = YES;
				SWIFT_EMIT_LOC_STRINGS = NO;
				SWIFT_UPCOMING_FEATURE_MEMBER_IMPORT_VISIBILITY = YES;
				SWIFT_VERSION = 5.0;
				TARGETED_DEVICE_FAMILY = "1,2";
			};
			name = Release;
		};
/* End XCBuildConfiguration section */

/* Begin XCConfigurationList section */
		55D4D55C2F8C946D0042667F /* Build configuration list for PBXProject "PromotionSDKUI" */ = {
			isa = XCConfigurationList;
			buildConfigurations = (
				55D4D5742F8C946E0042667F /* Debug */,
				55D4D5752F8C946E0042667F /* Release */,
			);
			defaultConfigurationIsVisible = 0;
			defaultConfigurationName = Release;
		};
		55D4D5762F8C946E0042667F /* Build configuration list for PBXNativeTarget "PromotionSDKUI" */ = {
			isa = XCConfigurationList;
			buildConfigurations = (
				55D4D5772F8C946E0042667F /* Debug */,
				55D4D5782F8C946E0042667F /* Release */,
			);
			defaultConfigurationIsVisible = 0;
			defaultConfigurationName = Release;
		};
		55D4D5792F8C946E0042667F /* Build configuration list for PBXNativeTarget "PromotionSDKTests" */ = {
			isa = XCConfigurationList;
			buildConfigurations = (
				55D4D57A2F8C946E0042667F /* Debug */,
				55D4D57B2F8C946E0042667F /* Release */,
			);
			defaultConfigurationIsVisible = 0;
			defaultConfigurationName = Release;
		};
/* End XCConfigurationList section */

/* Begin XCSwiftPackageProductDependency section */
		5503AB612F95BF310075769D /* CoreUI */ = {
			isa = XCSwiftPackageProductDependency;
			productName = CoreUI;
		};
		AA01000400000001ABCD1234 /* PromotionKit */ = {
			isa = XCSwiftPackageProductDependency;
			productName = PromotionKit;
		};
		AA01000600000001ABCD1234 /* PromotionUI */ = {
			isa = XCSwiftPackageProductDependency;
			productName = PromotionUI;
		};
		AA01000800000001ABCD1234 /* Utility */ = {
			isa = XCSwiftPackageProductDependency;
			productName = Utility;
		};
		AA01000A00000001ABCD1234 /* RxSwift */ = {
			isa = XCSwiftPackageProductDependency;
			productName = RxSwift;
		};
		AA01000C00000001ABCD1234 /* RxCocoa */ = {
			isa = XCSwiftPackageProductDependency;
			productName = RxCocoa;
		};
/* End XCSwiftPackageProductDependency section */
	};
	rootObject = 55D4D5592F8C946D0042667F /* Project object */;
}
