{
  "originHash" : "0cc1dce6dfabb21a0e364fa7c73699fab2c7e0e54a6ac4a01b5cddcfa1536c9c",
  "pins" : [
    {
      "identity" : "rxswift",
      "kind" : "remoteSourceControl",
      "location" : "https://github.com/ReactiveX/RxSwift.git",
      "state" : {
        "revision" : "002d325b0bdee94e7882e1114af5ff4fe1e96afa",
        "version" : "5.1.1"
      }
    }
  ],
  "version" : 3
}
